
Microsoft Visual Studio Solution File, Format Version 12.00
# Visual Studio 2013
VisualStudioVersion = 12.0.31101.0
MinimumVisualStudioVersion = 10.0.40219.1
Project("{FAE04EC0-301F-11D3-BF4B-00C04F79EFBC}") = "Manage", "Manage\Manage.csproj", "{D0830E20-7BAF-4931-A4F1-13E549911AFE}"
EndProject
Project("{FAE04EC0-301F-11D3-BF4B-00C04F79EFBC}") = "MvcApplication1", "MvcApplication1\MvcApplication1.csproj", "{677482DD-4A2C-4DBD-9A8C-DCAD96FEF831}"
EndProject
Global
	GlobalSection(SolutionConfigurationPlatforms) = preSolution
		Debug|Any CPU = Debug|Any CPU
		Release|Any CPU = Release|Any CPU
	EndGlobalSection
	GlobalSection(ProjectConfigurationPlatforms) = postSolution
		{D0830E20-7BAF-4931-A4F1-13E549911AFE}.Debug|Any CPU.ActiveCfg = Debug|Any CPU
		{D0830E20-7BAF-4931-A4F1-13E549911AFE}.Debug|Any CPU.Build.0 = Debug|Any CPU
		{D0830E20-7BAF-4931-A4F1-13E549911AFE}.Release|Any CPU.ActiveCfg = Release|Any CPU
		{D0830E20-7BAF-4931-A4F1-13E549911AFE}.Release|Any CPU.Build.0 = Release|Any CPU
		{677482DD-4A2C-4DBD-9A8C-DCAD96FEF831}.Debug|Any CPU.ActiveCfg = Debug|Any CPU
		{677482DD-4A2C-4DBD-9A8C-DCAD96FEF831}.Debug|Any CPU.Build.0 = Debug|Any CPU
		{677482DD-4A2C-4DBD-9A8C-DCAD96FEF831}.Release|Any CPU.ActiveCfg = Release|Any CPU
		{677482DD-4A2C-4DBD-9A8C-DCAD96FEF831}.Release|Any CPU.Build.0 = Release|Any CPU
	EndGlobalSection
	GlobalSection(SolutionProperties) = preSolution
		HideSolutionNode = FALSE
	EndGlobalSection
EndGlobal
